version = 1
revision = 3
requires-python = ">=3.14"
resolution-markers = [
    "sys_platform == 'win32'",
    "sys_platform != 'win32'",
]

[[package]]
name = "accessible-output2"
version = "0.16"
source = { registry = "https://pypi.org/simple" }
dependencies = [
    { name = "appscript", marker = "sys_platform == 'darwin'" },
    { name = "libloader" },
    { name = "platform-utils" },
    { name = "pywin32", marker = "sys_platform == 'win32'" },
]
sdist = { url = "https://files.pythonhosted.org/packages/f0/f3/cf6014a165f883ed5141cf69c1778158103185f309092b8728c7055cc77a/accessible_output2-0.16.tar.gz", hash = "sha256:06646831bbc6cacbb9749f8528f2f3b9fcf720576ab5c50417bfdca9863772c4", size = 341598, upload-time = "2019-06-26T02:11:55.427Z" }
wheels = [
    { url = "https://files.pythonhosted.org/packages/11/36/f9aa0ff62e0121618e3229d76e8aeab9d7ded5927823bdb301a1d70d6eb6/accessible_output2-0.16-py2.py3-none-any.whl", hash = "sha256:993dad605b2e4ff11b15c1663ee421d15372b3f1b8e3a27a4308facd1ee6c947", size = 346835, upload-time = "2019-06-26T02:12:12.542Z" },
]

[[package]]
name = "altgraph"
version = "0.17.5"
source = { registry = "https://pypi.org/simple" }
sdist = { url = "https://files.pythonhosted.org/packages/7e/f8/97fdf103f38fed6792a1601dbc16cc8aac56e7459a9fff08c812d8ae177a/altgraph-0.17.5.tar.gz", hash = "sha256:c87b395dd12fabde9c99573a9749d67da8d29ef9de0125c7f536699b4a9bc9e7", size = 48428, upload-time = "2025-11-21T20:35:50.583Z" }
wheels = [
    { url = "https://files.pythonhosted.org/packages/a9/ba/000a1996d4308bc65120167c21241a3b205464a2e0b58deda26ae8ac21d1/altgraph-0.17.5-py2.py3-none-any.whl", hash = "sha256:f3a22400bce1b0c701683820ac4f3b159cd301acab067c51c653e06961600597", size = 21228, upload-time = "2025-11-21T20:35:49.444Z" },
]

[[package]]
name = "appscript"
version = "1.4.0"
source = { registry = "https://pypi.org/simple" }
dependencies = [
    { name = "lxml" },
]
sdist = { url = "https://files.pythonhosted.org/packages/ca/52/2fa70edfd98f0058219ecc2e365a3ba7aabd42db14ff9d7f44bbdcc5400d/appscript-1.4.0.tar.gz", hash = "sha256:b2c6fc770bf822ea45529c7084bc0ee340e67ab260016b01d28e0449ec8723be", size = 295279, upload-time = "2025-10-08T07:56:39.126Z" }
wheels = [
    { url = "https://files.pythonhosted.org/packages/4d/15/748adf302d8f1f8f975bb26c1b918d84f1d39bb6c4730e0b91f551297984/appscript-1.4.0-cp314-cp314-macosx_10_13_universal2.whl", hash = "sha256:1a5747425d2a5732e2854cab0d0dc893ef077cabd7d57f7ec4caea2ac313e19f", size = 99700, upload-time = "2025-10-08T07:56:37.313Z" },
    { url = "https://files.pythonhosted.org/packages/dd/e3/03dc0f97eab839f72061342d69bd34424e89876ce4026509aab3d74d4f23/appscript-1.4.0-cp314-cp314-macosx_10_13_x86_64.whl", hash = "sha256:5efce3302c00674b769b79938cc5f66f7791ef45c6419e850a5f1c8f9fcefcc1", size = 85610, upload-time = "2025-10-08T07:56:38.103Z" },
]

[[package]]
name = "cffi"
version = "2.1.0"
source = { registry = "https://pypi.org/simple" }
dependencies = [
    { name = "pycparser", marker = "implementation_name != 'PyPy'" },
]
sdist = { url = "https://files.pythonhosted.org/packages/57/5f/ff100cae70ebe9d8df1c01a00e510e45d9adb5c1fdda84791b199141de97/cffi-2.1.0.tar.gz", hash = "sha256:efc1cdd798b1aaf39b4610bba7aad28c9bea9b910f25c784ccf9ec1fa719d1f9", size = 531036, upload-time = "2026-07-06T21:34:30.382Z" }
wheels = [
    { url = "https://files.pythonhosted.org/packages/d8/f0/81478e482afa03f6d18dc8f2afb5edc45b3080853b634b5ed91961be0998/cffi-2.1.0-cp314-cp314-ios_13_0_arm64_iphoneos.whl", hash = "sha256:d2117334c3af3bdcb9a88522b844a2bdb5efdc4f71c6c822df55486ae1c3347a", size = 194142, upload-time = "2026-07-06T21:33:23.657Z" },
    { url = "https://files.pythonhosted.org/packages/7d/95/8de304305cd9204974b0ca051b86d307cafca13aa575a0ef1b44d92c0d8c/cffi-2.1.0-cp314-cp314-ios_13_0_arm64_iphonesimulator.whl", hash = "sha256:702c436735fbe99d59ada02a1f65cfc0d31c0ee8b7290912f8fbc5cd1e4b16c3", size = 196819, upload-time = "2026-07-06T21:33:25.007Z" },
    { url = "https://files.pythonhosted.org/packages/20/71/7c8372d30e42415602ed9f268f7cfd66f1b855fed881ecd168bcb45dbc0b/cffi-2.1.0-cp314-cp314-macosx_10_15_x86_64.whl", hash = "sha256:1ff3456eab0d889592d1936d6125bbfbc7ae4d3354a700f8bd80450a66445d4d", size = 184965, upload-time = "2026-07-06T21:33:26.605Z" },
    { url = "https://files.pythonhosted.org/packages/d6/5c/584e626835f0375c928176c04137c96927165cb8733cdb3150ec04e5ee5e/cffi-2.1.0-cp314-cp314-macosx_11_0_arm64.whl", hash = "sha256:c4165821e131d6d4ca444347c2b694e2311bcfa3fe5a861cc72968f28867beac", size = 184952, upload-time = "2026-07-06T21:33:27.823Z" },
    { url = "https://files.pythonhosted.org/packages/2e/d2/065fcae1c73979fac8e054462478d0ff8a29c40cdc2ed7ea5676a061df53/cffi-2.1.0-cp314-cp314-manylinux2014_aarch64.manylinux_2_17_aarch64.whl", hash = "sha256:276f20fffd7b396e12516ba8edf9509210ac248cbbc5acbc39cd512f9f59ebe6", size = 222353, upload-time = "2026-07-06T21:33:29.178Z" },
    { url = "https://files.pythonhosted.org/packages/ed/a5/e8bbb1ce5b3ac2f53ad6a10bde44318a5a8d99d4f4a000d44a6e39aeb3e4/cffi-2.1.0-cp314-cp314-manylinux2014_ppc64le.manylinux_2_17_ppc64le.whl", hash = "sha256:7d5980a3433d4b71a5e120f9dd551403d7824e31e2e67124fe2769c404c06913", size = 210051, upload-time = "2026-07-06T21:33:30.534Z" },
    { url = "https://files.pythonhosted.org/packages/28/ed/c127d3ac36e899c965e3361357c3befacd6578c03f40125183e41c3b219e/cffi-2.1.0-cp314-cp314-manylinux2014_s390x.manylinux_2_17_s390x.whl", hash = "sha256:6ca4919c6e4f89aa99c42510b42cf54596892c00b3f9077f6bdd1505e24b9c8d", size = 208630, upload-time = "2026-07-06T21:33:31.753Z" },
    { url = "https://files.pythonhosted.org/packages/cc/d7/97d3136f81db489ec8d1d67748c110d6c994268fd7528014aa9f2b085e4e/cffi-2.1.0-cp314-cp314-manylinux2014_x86_64.manylinux_2_17_x86_64.whl", hash = "sha256:d53d10f7da99ae46f7373b9150393e9c5eab9b224909982b43832668de4779f5", size = 221593, upload-time = "2026-07-06T21:33:33.044Z" },
    { url = "https://files.pythonhosted.org/packages/d3/27/93195977168ee63aed233a1a0993a2178798654d1f4bddcdd321d6fd3b21/cffi-2.1.0-cp314-cp314-musllinux_1_2_aarch64.whl", hash = "sha256:c351efb95e832a853a29361675f33a7ce53de1a109cd73fd47af0712213aa4ce", size = 225146, upload-time = "2026-07-06T21:33:34.224Z" },
    { url = "https://files.pythonhosted.org/packages/b3/c1/6dbd291ee2ae5a50a034aa057207081f545923bbf15dad4511e985aafff5/cffi-2.1.0-cp314-cp314-musllinux_1_2_x86_64.whl", hash = "sha256:dbf7c7a88e2bac086f06d14577332760bdeecc42bdec8ac4077f6260557d9326", size = 223240, upload-time = "2026-07-06T21:33:35.57Z" },
    { url = "https://files.pythonhosted.org/packages/0f/6f/ade5ce9863a57992a6ea3d0d10d7e29b8749fc127204b3d493d667b2815f/cffi-2.1.0-cp314-cp314-win32.whl", hash = "sha256:1854b724d00f6654c742097d5387569021be12d3a0f770eae1df8f8acfcc6acd", size = 177723, upload-time = "2026-07-06T21:33:51.626Z" },
    { url = "https://files.pythonhosted.org/packages/41/de/92b9eeed4ae4a21d6fd9b2a2c8505cbed573299902ea73981cc13f7ff62c/cffi-2.1.0-cp314-cp314-win_amd64.whl", hash = "sha256:1b96bfe2c4bd825681b7d311ad6d9b7280a091f43e8f63da5729638083cd3bfb", size = 187937, upload-time = "2026-07-06T21:33:53.403Z" },
    { url = "https://files.pythonhosted.org/packages/2e/1a/cc6ae6c2913a03aab8898eee57963cf1035b8df5872ed8b9115fcc7e2be8/cffi-2.1.0-cp314-cp314-win_arm64.whl", hash = "sha256:7d28dff1db6764108bc30788d85d61c876beff416d9a49cb9dd7c5a9f34f5804", size = 183001, upload-time = "2026-07-06T21:33:54.74Z" },
    { url = "https://files.pythonhosted.org/packages/14/f0/134c00ce0779ec86dea2aa1aac69339c2741a8045072676763512363a2ea/cffi-2.1.0-cp314-cp314t-macosx_10_15_x86_64.whl", hash = "sha256:7ea6b3e2c4250ff1de21c630fe72d0f63eb95c2c32ffbf64a358cf4a8836d714", size = 188538, upload-time = "2026-07-06T21:33:36.792Z" },
    { url = "https://files.pythonhosted.org/packages/50/d8/3b86aba791cb610d24e8a3e1b2cd529e71fa15096b04e4d4e360049d4a4c/cffi-2.1.0-cp314-cp314t-macosx_11_0_arm64.whl", hash = "sha256:6af371f3767faeffc6ac1ef57cdfd25844403e9d3f476c5537caee499de96376", size = 188230, upload-time = "2026-07-06T21:33:38.011Z" },
    { url = "https://files.pythonhosted.org/packages/14/d0/117dcd9209255ad8571fbc8c92ef32593a1d294dcec91ddc4e4db50606f2/cffi-2.1.0-cp314-cp314t-manylinux2014_aarch64.manylinux_2_17_aarch64.whl", hash = "sha256:eb4e8997a49aa2c08a3e43c9045d224448b8941d88e7ac163c7d383e560cbf98", size = 223899, upload-time = "2026-07-06T21:33:39.514Z" },
    { url = "https://files.pythonhosted.org/packages/b6/3d/f20f8b886b254e3ad10e15cd4186d3aed49f3e6a35ab37aab9f8f25f7c03/cffi-2.1.0-cp314-cp314t-manylinux2014_ppc64le.manylinux_2_17_ppc64le.whl", hash = "sha256:bf01d8c84cbea96b944c73b22182e6c7c432b3475632b8111dbfdc95ddad6e13", size = 211652, upload-time = "2026-07-06T21:33:40.851Z" },
    { url = "https://files.pythonhosted.org/packages/28/3b/fad54de07260b93ddeef4b96d0131d57ea900675df1d410ae1deee52d7a6/cffi-2.1.0-cp314-cp314t-manylinux2014_s390x.manylinux_2_17_s390x.whl", hash = "sha256:33eb1ad83ebe8f313e0df035c406227d55a79456704a863fad9842136af5ad7d", size = 210755, upload-time = "2026-07-06T21:33:42.183Z" },
    { url = "https://files.pythonhosted.org/packages/cc/82/3d5c705acb7abbba9bbd7d79b8e62e0f25b6120eb7ae6ac49f1b721722fe/cffi-2.1.0-cp314-cp314t-manylinux2014_x86_64.manylinux_2_17_x86_64.whl", hash = "sha256:ac0f1a2d0cfa7eea3f2aaf006ab6e70e8feeb16b75d65b7e5939982ca2f11056", size = 223933, upload-time = "2026-07-06T21:33:43.603Z" },
    { url = "https://files.pythonhosted.org/packages/6c/d0/47e338384ab6b1004241002fa616301020cea4fc95f283506565d252f276/cffi-2.1.0-cp314-cp314t-musllinux_1_2_aarch64.whl", hash = "sha256:c16914df9fb7f500e440e6875fa23ff5e0b31db01fa9c06af98d59a91f0dc2e4", size = 226749, upload-time = "2026-07-06T21:33:45.046Z" },
    { url = "https://files.pythonhosted.org/packages/70/25/65bd5b58ea4bfdfc15cde02cb5365f89ef8ab8b2adfb8fe5c4bd4233382f/cffi-2.1.0-cp314-cp314t-musllinux_1_2_x86_64.whl", hash = "sha256:5ecbd0499275d57506d397eebe1981cee87b47fcd9ef5c22cab7ed7644a39a94", size = 225703, upload-time = "2026-07-06T21:33:46.374Z" },
    { url = "https://files.pythonhosted.org/packages/dc/78/aa01ac599a8a4322533d45a1f9bc93b338276d2d59dabbe7c6d92a775c81/cffi-2.1.0-cp314-cp314t-win32.whl", hash = "sha256:7d034dcffa09e9a46c93fa3a3be402096cb5354ac6e41ab8e5cc9cd8b642ad76", size = 182857, upload-time = "2026-07-06T21:33:47.696Z" },
    { url = "https://files.pythonhosted.org/packages/b9/26/d00496b22de4d4228f32dde94ad996f350c8aad676d63bcca0743c8dea4d/cffi-2.1.0-cp314-cp314t-win_amd64.whl", hash = "sha256:0582a58f3051372229ca8e7f5f589f9e5632678208d8636fea3676711fdf7fe5", size = 194065, upload-time = "2026-07-06T21:33:48.953Z" },
    { url = "https://files.pythonhosted.org/packages/d5/dd/0c7dbf815a579ff005008a2d815a55d6bb047c349eef536d9dc53d3f0a8d/cffi-2.1.0-cp314-cp314t-win_arm64.whl", hash = "sha256:510aeeeac94811b138077451da1fb18b308a5feab47dd2b603af55804155e1c8", size = 186404, upload-time = "2026-07-06T21:33:50.309Z" },
    { url = "https://files.pythonhosted.org/packages/55/c7/8c8c50cb11c6750051daf12164098a9a6f027ac4356967fd4d800a07f242/cffi-2.1.0-cp315-cp315-ios_13_0_arm64_iphoneos.whl", hash = "sha256:2e9dabb9abcb7ad15938c7196ad5c1718a4e6d33cc79b4c0209bdb64c4a54a5c", size = 194121, upload-time = "2026-07-06T21:33:56.109Z" },
    { url = "https://files.pythonhosted.org/packages/99/e2/67680bf19a6b60d2bb7ff83baefa2a4c3d2d7dc0f3277034b802e1fc504c/cffi-2.1.0-cp315-cp315-ios_13_0_arm64_iphonesimulator.whl", hash = "sha256:37f525a7e7e50c017fdebe58b787be310ad59357ae43a053943a6e1a6c526001", size = 196820, upload-time = "2026-07-06T21:33:57.288Z" },
    { url = "https://files.pythonhosted.org/packages/ed/da/4bbe583a3b3a5c8c60892124fe17f3fa3656523faf0d3484eae90f091853/cffi-2.1.0-cp315-cp315-macosx_10_15_x86_64.whl", hash = "sha256:95f2954c2c9473d892eca6e0409f3568b37ab62a8eedb122461f73cc273476e3", size = 184936, upload-time = "2026-07-06T21:33:58.765Z" },
    { url = "https://files.pythonhosted.org/packages/e5/4b/1f4c36ab273980d7aa75bb126ea4f8971f24a96108acad3a0a084028c57b/cffi-2.1.0-cp315-cp315-macosx_11_0_arm64.whl", hash = "sha256:cdf2448aab5f661c9315308ec8b93f4e8a1a67a3c733f8631067a2b67d5913dc", size = 185045, upload-time = "2026-07-06T21:34:00.085Z" },
    { url = "https://files.pythonhosted.org/packages/ef/c3/ad299dc38f3583f8d916b299f028af418a9ec98bc695fcbebeae7420691c/cffi-2.1.0-cp315-cp315-manylinux2014_aarch64.manylinux_2_17_aarch64.whl", hash = "sha256:90bec57cf82089383bd06a605b3eb8daebf7e5a668520beaf6e327a83a947699", size = 222342, upload-time = "2026-07-06T21:34:01.814Z" },
    { url = "https://files.pythonhosted.org/packages/eb/d8/df4543cc087245044ed02ef3ad8e0a26619d0075ac7a77a12dc81177851b/cffi-2.1.0-cp315-cp315-manylinux2014_ppc64le.manylinux_2_17_ppc64le.whl", hash = "sha256:6274dcb2d15cef48daa73ed1be5a40d501d74dccd0cd6db364776d12cb6ba022", size = 210073, upload-time = "2026-07-06T21:34:03.255Z" },
    { url = "https://files.pythonhosted.org/packages/2c/0e/fac738d73728c6cea2a88a2883dca54892496cbba88a1dc1f2909cb8a6f5/cffi-2.1.0-cp315-cp315-manylinux2014_s390x.manylinux_2_17_s390x.whl", hash = "sha256:2b71d409cccee78310ab5dec549aed052aaea483346e282c7b02362596e01bb0", size = 208551, upload-time = "2026-07-06T21:34:04.433Z" },
    { url = "https://files.pythonhosted.org/packages/e6/3f/0b04a700dd64f465c93020253a793a82c9b4dff9961f48facd0df945d9b8/cffi-2.1.0-cp315-cp315-manylinux2014_x86_64.manylinux_2_17_x86_64.whl", hash = "sha256:7d3538f9c0e50670f4deb93dbb696576e60590369cae2faf7de681e597a8a1f1", size = 221649, upload-time = "2026-07-06T21:34:06.157Z" },
    { url = "https://files.pythonhosted.org/packages/5d/7c/b7379a5704c79eda57ce075869ba70a0368d1c850f803b3c0d078d39dcaf/cffi-2.1.0-cp315-cp315-musllinux_1_2_aarch64.whl", hash = "sha256:8f9ec95b8a043d3dfbc74d9abc6f7baf524dd27a8dc160b0a32ff9cdab650c28", size = 225203, upload-time = "2026-07-06T21:34:07.489Z" },
    { url = "https://files.pythonhosted.org/packages/5a/02/d5e6c43ea85c41bda2a184a3418f195fe7cf602967a8d2b94e085b83deef/cffi-2.1.0-cp315-cp315-musllinux_1_2_x86_64.whl", hash = "sha256:af5e2915d41fe6c961694d7bfdc8562942638200f3ce2765dfb8b745cf997629", size = 223263, upload-time = "2026-07-06T21:34:08.712Z" },
    { url = "https://files.pythonhosted.org/packages/2c/d8/772b8259bf75749adffb1c546828978381fb516f60cf701f6c83daf60c85/cffi-2.1.0-cp315-cp315-win32.whl", hash = "sha256:0a42c688d19fca6e095a53c6a6e2295a5b050a8b289f109adab02a9e61a25de6", size = 177696, upload-time = "2026-07-06T21:34:26.355Z" },
    { url = "https://files.pythonhosted.org/packages/2f/dd/afa2191fc6d57fedd26e5844a2fe2fcc0bbfa00961bbaa5a41e4921e7cca/cffi-2.1.0-cp315-cp315-win_amd64.whl", hash = "sha256:bccbbb5ee76a61f9d99b5bf3846a51d7fca4b6a732fe46f89295610edaf41853", size = 187914, upload-time = "2026-07-06T21:34:27.58Z" },
    { url = "https://files.pythonhosted.org/packages/05/ef/6cd4f8c671517162379dc79cfae5aea9106bc38abb89628d5c16adf6a838/cffi-2.1.0-cp315-cp315-win_arm64.whl", hash = "sha256:8d35c139744adb3e727cd51b1a18324bbe44b8bd41bf8322bca4d41289f48eda", size = 183004, upload-time = "2026-07-06T21:34:28.905Z" },
    { url = "https://files.pythonhosted.org/packages/11/b6/12fc55092817a5faa26fb8c40c7f9d662e11a46ee248c137aafc42517d92/cffi-2.1.0-cp315-cp315t-macosx_10_15_x86_64.whl", hash = "sha256:f9912624a0c0b834b7520d7769b3644453aabc0a7e1c839da7359f050750e9bc", size = 188378, upload-time = "2026-07-06T21:34:09.926Z" },
    { url = "https://files.pythonhosted.org/packages/8d/2e/cdac88979f295fde5daa69622c7d2111e56e7ceb94f211357fbe452339e4/cffi-2.1.0-cp315-cp315t-macosx_11_0_arm64.whl", hash = "sha256:df92f2aba50eb4d96718b68ef76f2e57a57b54f2fa62333496d16c6d585a85ca", size = 188319, upload-time = "2026-07-06T21:34:11.101Z" },
    { url = "https://files.pythonhosted.org/packages/e0/27/1d0b408497e41a74795af122d7b603c418c5fed0171450f899afd04e594f/cffi-2.1.0-cp315-cp315t-manylinux2014_aarch64.manylinux_2_17_aarch64.whl", hash = "sha256:0520e1f4c35f44e209cbbb421b67eec42e6a157f59444dfb6058874ff3610e5d", size = 223904, upload-time = "2026-07-06T21:34:12.606Z" },
    { url = "https://files.pythonhosted.org/packages/8b/31/e115c985105dd7ffb32444505f18ceb874bb42d992af05d5dced7ecf1980/cffi-2.1.0-cp315-cp315t-manylinux2014_ppc64le.manylinux_2_17_ppc64le.whl", hash = "sha256:3681e031db29958a7502f5c0c9d6bbc4c36cb20f7b104086fa642d1799631ff8", size = 211554, upload-time = "2026-07-06T21:34:13.987Z" },
    { url = "https://files.pythonhosted.org/packages/5a/67/9e6e09409336d9e515c58367e7cfcf4f89df06ad25252675595a58eb59d5/cffi-2.1.0-cp315-cp315t-manylinux2014_s390x.manylinux_2_17_s390x.whl", hash = "sha256:762f99479dcb369f60ab9017ad4ab97a36a1dd7c1ee5a3b15db0f4b8659120cd", size = 210795, upload-time = "2026-07-06T21:34:15.972Z" },
    { url = "https://files.pythonhosted.org/packages/19/e5/d3cc82a4a0be7902af279c04181ad038449c096734464a5ae1de3e1401bd/cffi-2.1.0-cp315-cp315t-manylinux2014_x86_64.manylinux_2_17_x86_64.whl", hash = "sha256:0611e7ebf90573a535ebdc33ae9da222d037853983e13359f580fab781ca017f", size = 223843, upload-time = "2026-07-06T21:34:17.509Z" },
    { url = "https://files.pythonhosted.org/packages/b9/65/b434abc97ce7cecc2c640fde160507c0ecc7e21544b483ba3325d2e2ea17/cffi-2.1.0-cp315-cp315t-musllinux_1_2_aarch64.whl", hash = "sha256:86cf8755a791f72c85dc287128cc62d4f24d392e3f1e15837245623f4a33cccc", size = 226773, upload-time = "2026-07-06T21:34:19.05Z" },
    { url = "https://files.pythonhosted.org/packages/b5/9f/d4dc66ca651eb1145a133314cda721abf13cfac3d28c4a0402263ae6ad75/cffi-2.1.0-cp315-cp315t-musllinux_1_2_x86_64.whl", hash = "sha256:ba00f661f8ba35d075c937174e27c2c421cec3942fd2e0ea3e66996757c0fdd9", size = 225719, upload-time = "2026-07-06T21:34:20.576Z" },
    { url = "https://files.pythonhosted.org/packages/68/5a/e536c528bc8057496c360c0978559a2dc45653f89dd6151078aa7d8fca1a/cffi-2.1.0-cp315-cp315t-win32.whl", hash = "sha256:cb96698e3c7413d906ce83f8ffd245ec1bd94707541f299d0ce4d6b0193e982b", size = 182760, upload-time = "2026-07-06T21:34:22.059Z" },
    { url = "https://files.pythonhosted.org/packages/d3/0b/0ffe8b82d3875bced5fa1e7986a7a46b748262a40ab7f60b475eb9fb1bb3/cffi-2.1.0-cp315-cp315t-win_amd64.whl", hash = "sha256:f146d154428a2523f9cc7936c02353c2459b8f6cf07d3cd1ee1c0a611109c5d5", size = 193769, upload-time = "2026-07-06T21:34:23.589Z" },
    { url = "https://files.pythonhosted.org/packages/a0/17/1073b53b68c9b5ca6914adf5f8bf55aacc2d3be102418c90700160ea8605/cffi-2.1.0-cp315-cp315t-win_arm64.whl", hash = "sha256:cbb7640ce37159548d2147b5b8c241f962143d4c71231431820783f4dc78f210", size = 186405, upload-time = "2026-07-06T21:34:24.857Z" },
]

[[package]]
name = "configobj"
version = "5.0.9"
source = { registry = "https://pypi.org/simple" }
sdist = { url = "https://files.pythonhosted.org/packages/f5/c4/c7f9e41bc2e5f8eeae4a08a01c91b2aea3dfab40a3e14b25e87e7db8d501/configobj-5.0.9.tar.gz", hash = "sha256:03c881bbf23aa07bccf1b837005975993c4ab4427ba57f959afdd9d1a2386848", size = 101518, upload-time = "2024-09-21T12:47:46.315Z" }
wheels = [
    { url = "https://files.pythonhosted.org/packages/a6/c4/0679472c60052c27efa612b4cd3ddd2a23e885dcdc73461781d2c802d39e/configobj-5.0.9-py2.py3-none-any.whl", hash = "sha256:1ba10c5b6ee16229c79a05047aeda2b55eb4e80d7c7d8ecf17ec1ca600c79882", size = 35615, upload-time = "2024-11-26T14:03:32.972Z" },
]

[[package]]
name = "libloader"
version = "1.4.3"
source = { registry = "https://pypi.org/simple" }
dependencies = [
    { name = "pywin32", marker = "sys_platform == 'win32'" },
]
sdist = { url = "https://files.pythonhosted.org/packages/d4/dd/58864bd93f74cd227996cec701713e27f6a57b1c189747cfefc9c9c2e00e/libloader-1.4.3.tar.gz", hash = "sha256:9c56b1ee2e866e314c35d1095d1e3b99c1c762e89a27bf26c98bd65d58f4e182", size = 6165, upload-time = "2026-01-14T03:18:21.731Z" }
wheels = [
    { url = "https://files.pythonhosted.org/packages/97/cb/dac60d530791146d52e2dab3a16531963d03899ea37eec77cc03ea8c281d/libloader-1.4.3-py3-none-any.whl", hash = "sha256:4cfd541496bed79a2b5f72c316e16312ce1dd72fab6ed837801aa5e53299d6da", size = 6190, upload-time = "2026-01-14T03:18:20.84Z" },
]

[[package]]
name = "lxml"
version = "6.1.1"
source = { registry = "https://pypi.org/simple" }
sdist = { url = "https://files.pythonhosted.org/packages/05/3b/aab6728cae887456f409b4d75e8a01856e4f04bd510de38052a47768b680/lxml-6.1.1.tar.gz", hash = "sha256:ba96ae44888e0185281e937633a743ea90d5a196c6000f82565ebb0580012d40", size = 4197430, upload-time = "2026-05-18T19:19:06.424Z" }
wheels = [
    { url = "https://files.pythonhosted.org/packages/13/e2/2e325795566de01d0d7c3bb57d3c370616b2d07b01214e84eec5d3b10963/lxml-6.1.1-cp314-cp314-macosx_10_15_universal2.whl", hash = "sha256:19b7ab10b210b0b3ad7985d9ac4eb66ab09a90b20fe6e2f7ba55d01a234345d0", size = 8577146, upload-time = "2026-05-18T19:18:17.765Z" },
    { url = "https://files.pythonhosted.org/packages/93/cf/5630b5e4be7d2e6bee8efe83865c925221103cf0221303b104ce134b01e2/lxml-6.1.1-cp314-cp314-macosx_10_15_x86_64.whl", hash = "sha256:c08e5c694306507275f2290073350c4f32e383db15213b2c69e7ff39c1193840", size = 4623866, upload-time = "2026-05-18T19:18:30.669Z" },
    { url = "https://files.pythonhosted.org/packages/78/b2/00ed55b3a2efa4658fb795c38d1090ec9b3e8a6c3683d4441fa517f09c3b/lxml-6.1.1-cp314-cp314t-macosx_10_15_universal2.whl", hash = "sha256:787b2496d0dbe8cd180984e8d29e3a6f76e7ea34db781cb3bd55e4ba1ef8b4ee", size = 8827545, upload-time = "2026-05-18T19:18:41.193Z" },
    { url = "https://files.pythonhosted.org/packages/c0/73/74573db19baa618d5f266f2407898b087ff6927115b00b71e5fc1b700847/lxml-6.1.1-cp314-cp314t-macosx_10_15_x86_64.whl", hash = "sha256:2c8daa471358dc2d6fcf02165e80ec68f77871a286df95bc5cc3816153b0fd2c", size = 4735736, upload-time = "2026-05-18T19:18:46.761Z" },
]

[[package]]
name = "macholib"
version = "1.16.4"
source = { registry = "https://pypi.org/simple" }
dependencies = [
    { name = "altgraph" },
]
sdist = { url = "https://files.pythonhosted.org/packages/10/2f/97589876ea967487978071c9042518d28b958d87b17dceb7cdc1d881f963/macholib-1.16.4.tar.gz", hash = "sha256:f408c93ab2e995cd2c46e34fe328b130404be143469e41bc366c807448979362", size = 59427, upload-time = "2025-11-22T08:28:38.373Z" }
wheels = [
    { url = "https://files.pythonhosted.org/packages/c7/d1/a9f36f8ecdf0fb7c9b1e78c8d7af12b8c8754e74851ac7b94a8305540fc7/macholib-1.16.4-py2.py3-none-any.whl", hash = "sha256:da1a3fa8266e30f0ce7e97c6a54eefaae8edd1e5f86f3eb8b95457cae90265ea", size = 38117, upload-time = "2025-11-22T08:28:36.939Z" },
]

[[package]]
name = "markdown"
version = "3.10.2"
source = { registry = "https://pypi.org/simple" }
sdist = { url = "https://files.pythonhosted.org/packages/2b/f4/69fa6ed85ae003c2378ffa8f6d2e3234662abd02c10d216c0ba96081a238/markdown-3.10.2.tar.gz", hash = "sha256:994d51325d25ad8aa7ce4ebaec003febcce822c3f8c911e3b17c52f7f589f950", size = 368805, upload-time = "2026-02-09T14:57:26.942Z" }
wheels = [
    { url = "https://files.pythonhosted.org/packages/de/1f/77fa3081e4f66ca3576c896ae5d31c3002ac6607f9747d2e3aa49227e464/markdown-3.10.2-py3-none-any.whl", hash = "sha256:e91464b71ae3ee7afd3017d9f358ef0baf158fd9a298db92f1d4761133824c36", size = 108180, upload-time = "2026-02-09T14:57:25.787Z" },
]

[[package]]
name = "packaging"
version = "26.2"
source = { registry = "https://pypi.org/simple" }
sdist = { url = "https://files.pythonhosted.org/packages/d7/f1/e7a6dd94a8d4a5626c03e4e99c87f241ba9e350cd9e6d75123f992427270/packaging-26.2.tar.gz", hash = "sha256:ff452ff5a3e828ce110190feff1178bb1f2ea2281fa2075aadb987c2fb221661", size = 228134, upload-time = "2026-04-24T20:15:23.917Z" }
wheels = [
    { url = "https://files.pythonhosted.org/packages/df/b2/87e62e8c3e2f4b32e5fe99e0b86d576da1312593b39f47d8ceef365e95ed/packaging-26.2-py3-none-any.whl", hash = "sha256:5fc45236b9446107ff2415ce77c807cee2862cb6fac22b8a73826d0693b0980e", size = 100195, upload-time = "2026-04-24T20:15:22.081Z" },
]

[[package]]
name = "pefile"
version = "2024.8.26"
source = { registry = "https://pypi.org/simple" }
sdist = { url = "https://files.pythonhosted.org/packages/03/4f/2750f7f6f025a1507cd3b7218691671eecfd0bbebebe8b39aa0fe1d360b8/pefile-2024.8.26.tar.gz", hash = "sha256:3ff6c5d8b43e8c37bb6e6dd5085658d658a7a0bdcd20b6a07b1fcfc1c4e9d632", size = 76008, upload-time = "2024-08-26T20:58:38.155Z" }
wheels = [
    { url = "https://files.pythonhosted.org/packages/54/16/12b82f791c7f50ddec566873d5bdd245baa1491bac11d15ffb98aecc8f8b/pefile-2024.8.26-py3-none-any.whl", hash = "sha256:76f8b485dcd3b1bb8166f1128d395fa3d87af26360c2358fb75b80019b957c6f", size = 74766, upload-time = "2024-08-26T21:01:02.632Z" },
]

[[package]]
name = "platform-utils"
version = "1.6.2"
source = { registry = "https://pypi.org/simple" }
dependencies = [
    { name = "platformdirs" },
    { name = "pywin32", marker = "sys_platform == 'win32'" },
]
sdist = { url = "https://files.pythonhosted.org/packages/ce/35/1388d9d259b53c4359d79f85afb0cac9ac40efdd8dee360ae18c220d226d/platform_utils-1.6.2.tar.gz", hash = "sha256:649bce9741c2cc99ab8065dc677f16faeb039ed2904a602c89aded8da14cd2c9", size = 14938, upload-time = "2026-01-16T04:11:23.365Z" }
wheels = [
    { url = "https://files.pythonhosted.org/packages/a0/b0/005ec9008a0fd6c06e789cd8bd73b97b1aadae84b1dfc6ebd15b071ea71d/platform_utils-1.6.2-py3-none-any.whl", hash = "sha256:a040c646eb64152ab8598b6d4997eb857c49d32d0ca115f38920bd006befd195", size = 10200, upload-time = "2026-01-16T04:11:22.014Z" },
]

[[package]]
name = "platformdirs"
version = "4.10.1"
source = { registry = "https://pypi.org/simple" }
sdist = { url = "https://files.pythonhosted.org/packages/52/cd/4f25b2f95b23f5d2c9c1fe43e49841bff5800562149b2666afc09309aa8f/platformdirs-4.10.1.tar.gz", hash = "sha256:ceab4084426fe6319ce18e86deada8ab1b7487c7aee7040c55e277c9ae793695", size = 31678, upload-time = "2026-07-18T03:53:43.808Z" }
wheels = [
    { url = "https://files.pythonhosted.org/packages/ec/73/6fd0bb9ce84138c3857f12e9de63bc901852975a092d545f18087a204aa2/platformdirs-4.10.1-py3-none-any.whl", hash = "sha256:0e4eff26be2d75293977f7cddc153fd9b8eaa7fb0c7b64ffe4076cb443117443", size = 22906, upload-time = "2026-07-18T03:53:42.576Z" },
]

[[package]]
name = "prismatoid"
version = "0.17.3"
source = { registry = "https://pypi.org/simple" }
dependencies = [
    { name = "cffi" },
]
sdist = { url = "https://files.pythonhosted.org/packages/06/e0/6c2d6153291f8e4b5e790a741d906a2a61ba28eb2a134e2c834cb52f4d02/prismatoid-0.17.3.tar.gz", hash = "sha256:467c5ad31341b8a561fc02da245a139dc71bd870de043af64e487739bab0608f", size = 1362377, upload-time = "2026-07-17T06:28:19.235Z" }
wheels = [
    { url = "https://files.pythonhosted.org/packages/2d/1f/fc59a7697b594b2c2b904de86c4a6ec7863fe54b086b82b9a22c3b10eca0/prismatoid-0.17.3-cp310-abi3-macosx_11_0_arm64.whl", hash = "sha256:c5c1c9428cb208fed83d38c395c51b0300f5741d726538b7c9ddcd1de1bfea2d", size = 247260, upload-time = "2026-07-17T06:27:44.166Z" },
    { url = "https://files.pythonhosted.org/packages/1e/86/7ba2b10ca035e62cdcdf67f81bf86ae15c9e6d90060b46c384db0c5be8f3/prismatoid-0.17.3-cp310-abi3-macosx_11_0_x86_64.whl", hash = "sha256:db15fc83e310a569ff3107c5ff0a193d5cbe1964bae1778ad990bd3d263283bb", size = 353517, upload-time = "2026-07-17T06:27:45.892Z" },
    { url = "https://files.pythonhosted.org/packages/36/12/da7b0f4455bcf0cba82ab87b80dfa37e8419878496aa0b57e370630fe350/prismatoid-0.17.3-cp310-abi3-manylinux_2_34_aarch64.whl", hash = "sha256:0ec7c435e3a7a8e564b6d348162c1827e926662acb7116eb44f578197c96f067", size = 3692556, upload-time = "2026-07-17T06:27:47.787Z" },
    { url = "https://files.pythonhosted.org/packages/05/59/1ed0ad6e503df30b1e3dc4e841c20e758aac87d8794ab851f9371307a1d9/prismatoid-0.17.3-cp310-abi3-manylinux_2_34_x86_64.whl", hash = "sha256:91bd537d253c452c54c7260b1db2c0dfeb51603f61a453916e2edebd70f245e5", size = 4012137, upload-time = "2026-07-17T06:27:49.828Z" },
    { url = "https://files.pythonhosted.org/packages/71/b0/f967a749aad3e8bf489ae5f977ad0fb248651661bf978e17e5d7ae6565b8/prismatoid-0.17.3-cp310-abi3-musllinux_1_2_aarch64.whl", hash = "sha256:e40cc285eb367bab8ef995d28d526e99a56b8eb2f38b9cbe86c13cb31f2da958", size = 4733660, upload-time = "2026-07-17T06:27:52.057Z" },
    { url = "https://files.pythonhosted.org/packages/37/47/62bf1a804f5cc90b656b0c1c07ff0097b88f65fef10443837cc74b09d7f8/prismatoid-0.17.3-cp310-abi3-musllinux_1_2_x86_64.whl", hash = "sha256:3ce89c45212e4605ecb7b9aaf06932aa593c1954f7f12c3b8264726d20b49f21", size = 5095342, upload-time = "2026-07-17T06:27:54.011Z" },
    { url = "https://files.pythonhosted.org/packages/c5/73/3c62ce05937e3626401bb6d0d7ffbbe3a6192cecb05584955b15c8982c1e/prismatoid-0.17.3-cp310-abi3-win_amd64.whl", hash = "sha256:f4b5a12016b5aeb35e78d2331ce39de04338295abc867237c9550e75377fec39", size = 584613, upload-time = "2026-07-17T06:27:55.924Z" },
    { url = "https://files.pythonhosted.org/packages/86/d6/b3e1c305b863da2e05137c6ac16ec8665df5a66bf7f7e2115982e87c0780/prismatoid-0.17.3-cp310-abi3-win_arm64.whl", hash = "sha256:ee3c315b47fe4897272017fd69a126560133939a367f4cba35dfca6460646b7c", size = 444384, upload-time = "2026-07-17T06:27:57.946Z" },
    { url = "https://files.pythonhosted.org/packages/36/05/6aa770d9bbe99c21011e76d02c8836eab1c58f4c7c07d2717f5edd85563b/prismatoid-0.17.3-cp314-cp314-android_26_arm64_v8a.whl", hash = "sha256:7814d34e4f658788125a5237c7e21f27108cc3cd1c247aec949f98ec45b7c90a", size = 830750, upload-time = "2026-07-17T06:28:02.717Z" },
    { url = "https://files.pythonhosted.org/packages/35/64/e6b30797496732657485943787de66323fe08e9c9084b53e9f9490b51b10/prismatoid-0.17.3-cp314-cp314-android_26_x86_64.whl", hash = "sha256:4ccafc12396ca5e4b0c1b30d387d5a7dcbe81983cd5543a0550da297a61300fa", size = 920314, upload-time = "2026-07-17T06:28:04.392Z" },
    { url = "https://files.pythonhosted.org/packages/4f/bc/4bf9556704414e8ac31234426b3d2e18a4168d25d92ea1e7eeceb9949a13/prismatoid-0.17.3-cp314-cp314t-macosx_11_0_arm64.whl", hash = "sha256:7921bd1c536430993e90e5bc2b6453abfbeea8d1cede7409a386251377c2c83b", size = 247631, upload-time = "2026-07-17T06:28:06.004Z" },
    { url = "https://files.pythonhosted.org/packages/dc/44/3496a7011fcf28805caa73ccf04b76c19e28927e82662c919c733fb27992/prismatoid-0.17.3-cp314-cp314t-macosx_11_0_x86_64.whl", hash = "sha256:8eeca04f9ed36bdc0967454246c14b104595ac97c8bfee508e9da19edac47cca", size = 353994, upload-time = "2026-07-17T06:28:07.367Z" },
    { url = "https://files.pythonhosted.org/packages/56/73/2331c298196606d735581e9ffae28c873a6f14bf2e4ce90e64eec0dc9789/prismatoid-0.17.3-cp314-cp314t-manylinux_2_34_aarch64.whl", hash = "sha256:0b826fbf6116ce34fa445451bab509911125f89ee499d7cf6f4bc5339112c85a", size = 3692999, upload-time = "2026-07-17T06:28:09.262Z" },
    { url = "https://files.pythonhosted.org/packages/5d/8a/70a2cb4df4d6563488cc792199b6e1f52b0bbc67ec4528a9281346d0839e/prismatoid-0.17.3-cp314-cp314t-manylinux_2_34_x86_64.whl", hash = "sha256:69bb6e863c1184dd0be4002955a6224f6b8c55f320ba1ba8ad118efd08087f6b", size = 4012322, upload-time = "2026-07-17T06:28:11.084Z" },
    { url = "https://files.pythonhosted.org/packages/fd/83/abb25729139d677605e2ae4f6bdff0460d76cbb6c55deac699b205fdfdef/prismatoid-0.17.3-cp314-cp314t-musllinux_1_2_aarch64.whl", hash = "sha256:350bdc5a0b6cdb3ebd49e6e81b6bdb966eb9cac2ea7f8b30de3031abcec38456", size = 4734031, upload-time = "2026-07-17T06:28:12.892Z" },
    { url = "https://files.pythonhosted.org/packages/da/e3/ae9a8fc883c1f5266815b6425405b581406cdab71ecacf9d8554a487d321/prismatoid-0.17.3-cp314-cp314t-musllinux_1_2_x86_64.whl", hash = "sha256:d8596fe0d4fff7095d390ee15ecfaff7826ffec836f61df56174666698e08820", size = 5095565, upload-time = "2026-07-17T06:28:14.647Z" },
    { url = "https://files.pythonhosted.org/packages/5b/44/0815d8a599ff01b85dd674b55de6a5df8182b7e6502c0de0dab35eb582cd/prismatoid-0.17.3-cp314-cp314t-win_amd64.whl", hash = "sha256:6e0aa6cedb20cac72bdd16aac8f98276772046d9005efd8b211e011b12e04879", size = 601937, upload-time = "2026-07-17T06:28:16.296Z" },
    { url = "https://files.pythonhosted.org/packages/16/be/25ee787d7120fa08f1c8506d780d59bd4a7317848877ba58eb84d8f178dc/prismatoid-0.17.3-cp314-cp314t-win_arm64.whl", hash = "sha256:33922fe78786397278cf1057f1aeb11d789c27de7db1ad80a1597f908ce2c74b", size = 457199, upload-time = "2026-07-17T06:28:17.72Z" },
]

[[package]]
name = "pycparser"
version = "3.0"
source = { registry = "https://pypi.org/simple" }
sdist = { url = "https://files.pythonhosted.org/packages/1b/7d/92392ff7815c21062bea51aa7b87d45576f649f16458d78b7cf94b9ab2e6/pycparser-3.0.tar.gz", hash = "sha256:600f49d217304a5902ac3c37e1281c9fe94e4d0489de643a9504c5cdfdfc6b29", size = 103492, upload-time = "2026-01-21T14:26:51.89Z" }
wheels = [
    { url = "https://files.pythonhosted.org/packages/0c/c3/44f3fbbfa403ea2a7c779186dc20772604442dde72947e7d01069cbe98e3/pycparser-3.0-py3-none-any.whl", hash = "sha256:b727414169a36b7d524c1c3e31839a521725078d7b2ff038656844266160a992", size = 48172, upload-time = "2026-01-21T14:26:50.693Z" },
]

[[package]]
name = "pyinstaller"
version = "6.21.0"
source = { registry = "https://pypi.org/simple" }
dependencies = [
    { name = "altgraph" },
    { name = "macholib", marker = "sys_platform == 'darwin'" },
    { name = "packaging" },
    { name = "pefile", marker = "sys_platform == 'win32'" },
    { name = "pyinstaller-hooks-contrib" },
    { name = "pywin32-ctypes", marker = "sys_platform == 'win32'" },
    { name = "setuptools" },
]
sdist = { url = "https://files.pythonhosted.org/packages/d5/4d/ec706c3fcf39e26888c35b39615ff4d5865d184069666c47492cff1fbe50/pyinstaller-6.21.0.tar.gz", hash = "sha256:bb9fab705983e393a2d1cac77d6972513057ad800215fd861dc15ff5272e98fd", size = 4061519, upload-time = "2026-06-13T14:15:06.25Z" }
wheels = [
    { url = "https://files.pythonhosted.org/packages/0c/4a/53cf98bf66daed012dc9cd78c8203f19a675d696f2fc12afcf8c5049a0e0/pyinstaller-6.21.0-py3-none-macosx_10_13_universal2.whl", hash = "sha256:327d132389f37912609e01be62810cf96b5aa95b613903e4b8692e0d12fb0eda", size = 1052350, upload-time = "2026-06-13T14:13:55.88Z" },
    { url = "https://files.pythonhosted.org/packages/30/83/b591295c352ef464c50b4c6ffff1c4f771d875c9e833f578d1b9f564f6b3/pyinstaller-6.21.0-py3-none-manylinux2014_aarch64.whl", hash = "sha256:7071d4b094d5b40deeef5fa3d3b98a1b846087f7562b49209663d5f9281fe251", size = 748477, upload-time = "2026-06-13T14:14:00.327Z" },
    { url = "https://files.pythonhosted.org/packages/3d/8f/88fff4e403873b1e22286911350e75ff00db014aa08e57045da9d4328993/pyinstaller-6.21.0-py3-none-manylinux2014_i686.whl", hash = "sha256:6b6374d652107dd4a2eeece903ff82bb4045bb5e1006c5a158a6dcdbefe84bf2", size = 760877, upload-time = "2026-06-13T14:14:04.836Z" },
    { url = "https://files.pythonhosted.org/packages/8a/13/f0e48fbdfd1d05d948157121cea8b1b823dcb89efe6934b71fdd8bdb3f0f/pyinstaller-6.21.0-py3-none-manylinux2014_ppc64le.whl", hash = "sha256:4e3108b3f02384560da70e39b8bf22b0ad597d02bd68a40d76ea91c1cfa00cad", size = 759194, upload-time = "2026-06-13T14:14:10.61Z" },
    { url = "https://files.pythonhosted.org/packages/dd/d5/ea7878cf9924ed30d946d8288777424e6d069d94f5bde56b4d0890069664/pyinstaller-6.21.0-py3-none-manylinux2014_s390x.whl", hash = "sha256:697532279f535ad572bda613db4f821540e235c7854ca6da4d3bf0373f4415ee", size = 754979, upload-time = "2026-06-13T14:14:15.226Z" },
    { url = "https://files.pythonhosted.org/packages/9f/09/51b8905714b733bac66dbc041a7821372d70d888d273ae474c4037d4202d/pyinstaller-6.21.0-py3-none-manylinux2014_x86_64.whl", hash = "sha256:605169523a6b5ace39f13dfbff21add9f2bc43df99c7daf9394fefb2c45e8b6f", size = 754812, upload-time = "2026-06-13T14:14:20.264Z" },
    { url = "https://files.pythonhosted.org/packages/4b/43/d77779439d8c6c2e27a77bcfbd1d5cc0f568ebb611bb472b11af81b5f177/pyinstaller-6.21.0-py3-none-musllinux_1_1_aarch64.whl", hash = "sha256:5fa56746c1e76f93634d018502301378a2d0c382553d37d8c3c34ff436c12dd1", size = 753887, upload-time = "2026-06-13T14:14:25.268Z" },
    { url = "https://files.pythonhosted.org/packages/51/8f/c22df1f6837784ac349057ba693f08e7b1ca7a0e06f9c33c63bc6280007b/pyinstaller-6.21.0-py3-none-musllinux_1_1_x86_64.whl", hash = "sha256:42395ec76df8e8120c36b13339d9db8cab83e316a12839ee303cc00fc941bb74", size = 753779, upload-time = "2026-06-13T14:14:29.445Z" },
    { url = "https://files.pythonhosted.org/packages/c9/76/1ce8a27ce62ba8cf3a87c9ce6d575610f4e55d7cb0123e7512fc3f4b921a/pyinstaller-6.21.0-py3-none-win32.whl", hash = "sha256:c6b28d30d8fd99ce162ff3aab5013ed44dbfb747566b1f01b9bed7964d7c14e9", size = 1336462, upload-time = "2026-06-13T14:14:35.785Z" },
    { url = "https://files.pythonhosted.org/packages/c1/fa/ca1d7e5257dd8566a9dfc0dfb02f8a8075eeb53d4b2d3c579f1276759042/pyinstaller-6.21.0-py3-none-win_amd64.whl", hash = "sha256:7fae06c494ce0ebfe6bd3055c0e409def884f63af2e3705d06bd431ad9237fc7", size = 1397487, upload-time = "2026-06-13T14:14:42.328Z" },
    { url = "https://files.pythonhosted.org/packages/dc/75/21b51523ce8d96629b71311775a0a65f5f5a872124ab0de33e5c848f8bff/pyinstaller-6.21.0-py3-none-win_arm64.whl", hash = "sha256:f13c95c9c03fb567217135919f93815c305813126780b0ed6e0123cb8acaf025", size = 1346094, upload-time = "2026-06-13T14:14:48.914Z" },
]

[[package]]
name = "pyinstaller-hooks-contrib"
version = "2026.6"
source = { registry = "https://pypi.org/simple" }
dependencies = [
    { name = "packaging" },
]
sdist = { url = "https://files.pythonhosted.org/packages/94/5b/c9fe0db5e83ee1c39b2258fa21d23b15e1a60786b6c5990ee5074ead8bb6/pyinstaller_hooks_contrib-2026.6.tar.gz", hash = "sha256:bef5002c32f4f50bd55b005da12cff64eca8783e7eaf86a06a62410164bab725", size = 173354, upload-time = "2026-06-08T22:37:16.152Z" }
wheels = [
    { url = "https://files.pythonhosted.org/packages/e7/31/f2d7343d8ed5f7c4678377886f6ce533e6eaaa131b252ce950114c2a7efa/pyinstaller_hooks_contrib-2026.6-py3-none-any.whl", hash = "sha256:fd13b8ac126b35361175edacd41a0d97080b75dd5f4b594ecefefff969509dd3", size = 457159, upload-time = "2026-06-08T22:37:14.722Z" },
]

[[package]]
name = "pyserial"
version = "3.5"
source = { registry = "https://pypi.org/simple" }
sdist = { url = "https://files.pythonhosted.org/packages/1e/7d/ae3f0a63f41e4d2f6cb66a5b57197850f919f59e558159a4dd3a818f5082/pyserial-3.5.tar.gz", hash = "sha256:3c77e014170dfffbd816e6ffc205e9842efb10be9f58ec16d3e8675b4925cddb", size = 159125, upload-time = "2020-11-23T03:59:15.045Z" }
wheels = [
    { url = "https://files.pythonhosted.org/packages/07/bc/587a445451b253b285629263eb51c2d8e9bcea4fc97826266d186f96f558/pyserial-3.5-py2.py3-none-any.whl", hash = "sha256:c4451db6ba391ca6ca299fb3ec7bae67a5c55dde170964c7a14ceefec02f2cf0", size = 90585, upload-time = "2020-11-23T03:59:13.41Z" },
]

[[package]]
name = "pywin32"
version = "312"
source = { registry = "https://pypi.org/simple" }
wheels = [
    { url = "https://files.pythonhosted.org/packages/fc/2b/1f3cded5822fd49c02f40544cbb5f58c7cfd6b1694869fd476cb6170ee97/pywin32-312-cp314-cp314-win32.whl", hash = "sha256:a77a90fbb6881238d2ca9c6fd797b25817f3768fe78d214a90137ff055a75f5b", size = 6468928, upload-time = "2026-06-04T07:49:43.188Z" },
    { url = "https://files.pythonhosted.org/packages/21/82/3bf86d2e2808902013132e1ce905a7da0da53790f3836c64bf44d55e24f3/pywin32-312-cp314-cp314-win_amd64.whl", hash = "sha256:a4dd3a848290ef724347b19f301045831d8e802fa4464f491b98b1e0a081432e", size = 7024157, upload-time = "2026-06-04T07:49:45.34Z" },
    { url = "https://files.pythonhosted.org/packages/a4/0e/73f6d6800b4f27655abd9e9f6aaeaefcddb2b946e4674efa2bab184a7f7b/pywin32-312-cp314-cp314-win_arm64.whl", hash = "sha256:9fce94568364e0155e6dfb781ac5d95903be8baf28670632beab1b523f300daa", size = 6839598, upload-time = "2026-06-04T07:49:47.613Z" },
    { url = "https://files.pythonhosted.org/packages/eb/61/caa39686032d2ebdd04ff0ab5cbe163126c0066d98e00c9018646e42393b/pywin32-312-cp315-cp315-win32.whl", hash = "sha256:5c1fbe4a937a73ae9297384a3da38518cbc694c68ad8a809b2e19acd350f03ed", size = 6471159, upload-time = "2026-06-04T07:49:50.035Z" },
    { url = "https://files.pythonhosted.org/packages/0f/cd/7e1de64a4a6f69c04214169657ccab0d93a670ea50e35eb8f489d7378249/pywin32-312-cp315-cp315-win_amd64.whl", hash = "sha256:c2f03a0f73f804a13c2735b99392b0cd426bb4f2c4d0178e5ac966a0f21618d5", size = 7025293, upload-time = "2026-06-04T07:49:54.857Z" },
    { url = "https://files.pythonhosted.org/packages/23/ed/4532e9388e65fa16b46776ef47ad631a64eda1631884488af707666350ed/pywin32-312-cp315-cp315-win_arm64.whl", hash = "sha256:a8597d28f267b39074aef51fa593530082b39cbe5a074226096857b1fed2dfb9", size = 6840337, upload-time = "2026-06-04T07:49:57.531Z" },
]

[[package]]
name = "pywin32-ctypes"
version = "0.2.3"
source = { registry = "https://pypi.org/simple" }
sdist = { url = "https://files.pythonhosted.org/packages/85/9f/01a1a99704853cb63f253eea009390c88e7131c67e66a0a02099a8c917cb/pywin32-ctypes-0.2.3.tar.gz", hash = "sha256:d162dc04946d704503b2edc4d55f3dba5c1d539ead017afa00142c38b9885755", size = 29471, upload-time = "2024-08-14T10:15:34.626Z" }
wheels = [
    { url = "https://files.pythonhosted.org/packages/de/3d/8161f7711c017e01ac9f008dfddd9410dff3674334c233bde66e7ba65bbf/pywin32_ctypes-0.2.3-py3-none-any.whl", hash = "sha256:8a1513379d709975552d202d942d9837758905c8d01eb82b8bcc30918929e7b8", size = 30756, upload-time = "2024-08-14T10:15:33.187Z" },
]

[[package]]
name = "setuptools"
version = "83.0.0"
source = { registry = "https://pypi.org/simple" }
sdist = { url = "https://files.pythonhosted.org/packages/34/26/f5d29e25ffdb535afef2d35cdb55b325298f96debd670da4c325e08d70f4/setuptools-83.0.0.tar.gz", hash = "sha256:025bccbbf0fa05b6192bc64ae1e7b16e001fd6d6d4d5de03c97b1c1ade523bef", size = 1154254, upload-time = "2026-07-04T15:31:22.699Z" }
wheels = [
    { url = "https://files.pythonhosted.org/packages/5d/40/e1e72872c6354b306daef1703549e8e83b4d43cfea356311bf722a043752/setuptools-83.0.0-py3-none-any.whl", hash = "sha256:29b23c360f22f414dc7336bb39178cc7bcbf6021ed2733cde173f09dba19abb3", size = 1008090, upload-time = "2026-07-04T15:31:20.885Z" },
]

[[package]]
name = "vbns-ao2"
version = "0.1.0"
source = { virtual = "." }
dependencies = [
    { name = "accessible-output2" },
    { name = "configobj" },
    { name = "markdown" },
    { name = "prismatoid" },
    { name = "pyinstaller" },
    { name = "pyserial" },
    { name = "pywin32" },
    { name = "winpaths" },
]

[package.metadata]
requires-dist = [
    { name = "accessible-output2", specifier = "==0.16" },
    { name = "configobj", specifier = ">=5.0.9" },
    { name = "markdown", specifier = ">=3.10.2" },
    { name = "prismatoid", specifier = ">=0.17.3" },
    { name = "pyinstaller", specifier = ">=6.21.0" },
    { name = "pyserial", specifier = ">=3.5" },
    { name = "pywin32", specifier = ">=312" },
    { name = "winpaths", specifier = ">=0.2" },
]

[[package]]
name = "winpaths"
version = "0.2"
source = { registry = "https://pypi.org/simple" }
sdist = { url = "https://files.pythonhosted.org/packages/bd/22/1fc44f2ce395ceb00dccf89cd871f9f63cfaa3becfb45e4ed3a0779ab58d/winpaths-0.2.zip", hash = "sha256:c7d1ace9b963ba815b9b1df59ed1a0d5143754aa1662c7664310347c08abed56", size = 2115, upload-time = "2011-09-26T08:05:51.472Z" }
